// !$*UTF8*$!
{
	archiveVersion = 1;
	classes = {
	};
	objectVersion = 46;
	objects = {

/* Begin PBXBuildFile section */
		642F1CFE09F0730FB4836AF0 /* Pods_YHDevelopFramework_Swift.framework in Frameworks */ = {isa = PBXBuildFile; fileRef = 94130C2CA9DFFE1E1D0274D7 /* Pods_YHDevelopFramework_Swift.framework */; };
		DB0A25C41DAB35620047BA94 /* HttpService.swift in Sources */ = {isa = PBXBuildFile; fileRef = DB0A25C31DAB35620047BA94 /* HttpService.swift */; };
		DB0A25C61DAB35B70047BA94 /* BaseService.swift in Sources */ = {isa = PBXBuildFile; fileRef = DB0A25C51DAB35B70047BA94 /* BaseService.swift */; };
		DB0A25C81DAB9A330047BA94 /* HttpBaseService.swift in Sources */ = {isa = PBXBuildFile; fileRef = DB0A25C71DAB9A330047BA94 /* HttpBaseService.swift */; };
		DB0B1A941DACCC2700891BAC /* SwiftyJSON.swift in Sources */ = {isa = PBXBuildFile; fileRef = DB0B1A931DACCC2700891BAC /* SwiftyJSON.swift */; };
		DB0B1A971DACCDFA00891BAC /* YHDeviceInfo.swift in Sources */ = {isa = PBXBuildFile; fileRef = DB0B1A961DACCDFA00891BAC /* YHDeviceInfo.swift */; };
		DB0B1AB91DACD6FC00891BAC /* DeviceInfoViewController.swift in Sources */ = {isa = PBXBuildFile; fileRef = DB0B1AB71DACD6FC00891BAC /* DeviceInfoViewController.swift */; };
		DB0B1ABA1DACD6FC00891BAC /* DeviceInfoViewController.xib in Resources */ = {isa = PBXBuildFile; fileRef = DB0B1AB81DACD6FC00891BAC /* DeviceInfoViewController.xib */; };
		DB0B1ABD1DACEE4500891BAC /* UIColor_EColor.swift in Sources */ = {isa = PBXBuildFile; fileRef = DB0B1ABC1DACEE4500891BAC /* UIColor_EColor.swift */; };
		DB0E25F61DA5392100618C5D /* AppDelegate.swift in Sources */ = {isa = PBXBuildFile; fileRef = DB0E25F51DA5392100618C5D /* AppDelegate.swift */; };
		DB0E25F81DA5392100618C5D /* ViewController.swift in Sources */ = {isa = PBXBuildFile; fileRef = DB0E25F71DA5392100618C5D /* ViewController.swift */; };
		DB0E25FB1DA5392100618C5D /* Main.storyboard in Resources */ = {isa = PBXBuildFile; fileRef = DB0E25F91DA5392100618C5D /* Main.storyboard */; };
		DB0E25FD1DA5392100618C5D /* Assets.xcassets in Resources */ = {isa = PBXBuildFile; fileRef = DB0E25FC1DA5392100618C5D /* Assets.xcassets */; };
		DB0E26001DA5392100618C5D /* LaunchScreen.storyboard in Resources */ = {isa = PBXBuildFile; fileRef = DB0E25FE1DA5392100618C5D /* LaunchScreen.storyboard */; };
		DB24C33A1DA9D55D00019439 /* YHNetwork.swift in Sources */ = {isa = PBXBuildFile; fileRef = DB24C3391DA9D55D00019439 /* YHNetwork.swift */; };
		DB24C3431DA9E7DB00019439 /* HttpDemoViewController.xib in Resources */ = {isa = PBXBuildFile; fileRef = DB24C3421DA9E7DB00019439 /* HttpDemoViewController.xib */; };
		DB24C3451DA9E91600019439 /* BaseNavigationController.swift in Sources */ = {isa = PBXBuildFile; fileRef = DB24C3441DA9E91600019439 /* BaseNavigationController.swift */; };
		DB24DDE41DA894EF003F1741 /* YHLogger.swift in Sources */ = {isa = PBXBuildFile; fileRef = DB24DDE31DA894EF003F1741 /* YHLogger.swift */; };
		DB5DACB61DAF2ABD00D5F0B4 /* NSNumber_EFromatter.swift in Sources */ = {isa = PBXBuildFile; fileRef = DB5DACB51DAF2ABD00D5F0B4 /* NSNumber_EFromatter.swift */; };
		DB5DACB81DAF606E00D5F0B4 /* 111.png in Resources */ = {isa = PBXBuildFile; fileRef = DB5DACB71DAF606E00D5F0B4 /* 111.png */; };
		DB5DACBE1DAF72A800D5F0B4 /* TestTempViewController.swift in Sources */ = {isa = PBXBuildFile; fileRef = DB5DACBC1DAF72A800D5F0B4 /* TestTempViewController.swift */; };
		DB5DACBF1DAF72A800D5F0B4 /* TestTempViewController.xib in Resources */ = {isa = PBXBuildFile; fileRef = DB5DACBD1DAF72A800D5F0B4 /* TestTempViewController.xib */; };
		DB5DACC21DAF74BC00D5F0B4 /* YHFileManger.swift in Sources */ = {isa = PBXBuildFile; fileRef = DB5DACC11DAF74BC00D5F0B4 /* YHFileManger.swift */; };
		DB5DACC61DAF7AFA00D5F0B4 /* FileViewController.swift in Sources */ = {isa = PBXBuildFile; fileRef = DB5DACC41DAF7AFA00D5F0B4 /* FileViewController.swift */; };
		DB5DACC71DAF7AFA00D5F0B4 /* FileViewController.xib in Resources */ = {isa = PBXBuildFile; fileRef = DB5DACC51DAF7AFA00D5F0B4 /* FileViewController.xib */; };
		DBC8D0231DB5CA5400B08ED4 /* SpringDemoViewController.swift in Sources */ = {isa = PBXBuildFile; fileRef = DBC8D0211DB5CA5400B08ED4 /* SpringDemoViewController.swift */; };
		DBC8D0241DB5CA5400B08ED4 /* SpringDemoViewController.xib in Resources */ = {isa = PBXBuildFile; fileRef = DBC8D0221DB5CA5400B08ED4 /* SpringDemoViewController.xib */; };
		DBC8D0281DB60BBF00B08ED4 /* PromiseViewController.swift in Sources */ = {isa = PBXBuildFile; fileRef = DBC8D0261DB60BBF00B08ED4 /* PromiseViewController.swift */; };
		DBC8D0291DB60BBF00B08ED4 /* PromiseViewController.xib in Resources */ = {isa = PBXBuildFile; fileRef = DBC8D0271DB60BBF00B08ED4 /* PromiseViewController.xib */; };
		DBD7CB291DAE0920004443A1 /* UIImage_ELoad.swift in Sources */ = {isa = PBXBuildFile; fileRef = DBD7CB281DAE0920004443A1 /* UIImage_ELoad.swift */; };
		DBD7CB2F1DAE0BB6004443A1 /* pic_1.jpg in Resources */ = {isa = PBXBuildFile; fileRef = DBD7CB2A1DAE0BB6004443A1 /* pic_1.jpg */; };
		DBD7CB301DAE0BB6004443A1 /* pic_4.jpg in Resources */ = {isa = PBXBuildFile; fileRef = DBD7CB2B1DAE0BB6004443A1 /* pic_4.jpg */; };
		DBD7CB311DAE0BB6004443A1 /* pic_6.jpg in Resources */ = {isa = PBXBuildFile; fileRef = DBD7CB2C1DAE0BB6004443A1 /* pic_6.jpg */; };
		DBD7CB321DAE0BB6004443A1 /* pic_10.jpg in Resources */ = {isa = PBXBuildFile; fileRef = DBD7CB2D1DAE0BB6004443A1 /* pic_10.jpg */; };
		DBD7CB331DAE0BB6004443A1 /* pic_13.png in Resources */ = {isa = PBXBuildFile; fileRef = DBD7CB2E1DAE0BB6004443A1 /* pic_13.png */; };
		DBD7CB351DAE0C84004443A1 /* NSDictionary_ELoad.swift in Sources */ = {isa = PBXBuildFile; fileRef = DBD7CB341DAE0C84004443A1 /* NSDictionary_ELoad.swift */; };
		DBD7CB371DAE0F6F004443A1 /* NSArray_ELoad.swift in Sources */ = {isa = PBXBuildFile; fileRef = DBD7CB361DAE0F6F004443A1 /* NSArray_ELoad.swift */; };
		DBD7CB391DAE152C004443A1 /* testJson.json in Resources */ = {isa = PBXBuildFile; fileRef = DBD7CB381DAE152C004443A1 /* testJson.json */; };
		DBD7CB3C1DAE17E5004443A1 /* YHGlobalVariable.swift in Sources */ = {isa = PBXBuildFile; fileRef = DBD7CB3B1DAE17E5004443A1 /* YHGlobalVariable.swift */; };
		DBD7CB3E1DAE1E94004443A1 /* UIView_EAssist.swift in Sources */ = {isa = PBXBuildFile; fileRef = DBD7CB3D1DAE1E94004443A1 /* UIView_EAssist.swift */; };
		DBD7CB401DAE1EC8004443A1 /* NSObject_EAssist.swift in Sources */ = {isa = PBXBuildFile; fileRef = DBD7CB3F1DAE1EC8004443A1 /* NSObject_EAssist.swift */; };
		DBD7CB421DAE258F004443A1 /* NSString_ERect.swift in Sources */ = {isa = PBXBuildFile; fileRef = DBD7CB411DAE258F004443A1 /* NSString_ERect.swift */; };
		DBD7CB441DAE307D004443A1 /* YHGlobalFunc.swift in Sources */ = {isa = PBXBuildFile; fileRef = DBD7CB431DAE307D004443A1 /* YHGlobalFunc.swift */; };
		DBD7CB461DAE30D5004443A1 /* NSDate_EStamp.swift in Sources */ = {isa = PBXBuildFile; fileRef = DBD7CB451DAE30D5004443A1 /* NSDate_EStamp.swift */; };
		DBDF15131DB70BAC0072364A /* YHNetworkReachability.swift in Sources */ = {isa = PBXBuildFile; fileRef = DBDF15121DB70BAC0072364A /* YHNetworkReachability.swift */; };
		DBDF15151DB74AD40072364A /* YHURLCache.swift in Sources */ = {isa = PBXBuildFile; fileRef = DBDF15141DB74AD40072364A /* YHURLCache.swift */; };
		DBFA94621DA8F42B00A9098D /* BaseViewController.swift in Sources */ = {isa = PBXBuildFile; fileRef = DBFA94611DA8F42B00A9098D /* BaseViewController.swift */; };
		DBFA94671DA8F83900A9098D /* demo.plist in Resources */ = {isa = PBXBuildFile; fileRef = DBFA94661DA8F83900A9098D /* demo.plist */; };
		DBFA94691DA8F87700A9098D /* HttpDemoViewController.swift in Sources */ = {isa = PBXBuildFile; fileRef = DBFA94681DA8F87700A9098D /* HttpDemoViewController.swift */; };
/* End PBXBuildFile section */

/* Begin PBXFileReference section */
		2E8B41077FA94A7CEEAB3C41 /* Pods-YHDevelopFramework_Swift.debug.xcconfig */ = {isa = PBXFileReference; includeInIndex = 1; lastKnownFileType = text.xcconfig; name = "Pods-YHDevelopFramework_Swift.debug.xcconfig"; path = "Pods/Target Support Files/Pods-YHDevelopFramework_Swift/Pods-YHDevelopFramework_Swift.debug.xcconfig"; sourceTree = "<group>"; };
		94130C2CA9DFFE1E1D0274D7 /* Pods_YHDevelopFramework_Swift.framework */ = {isa = PBXFileReference; explicitFileType = wrapper.framework; includeInIndex = 0; path = Pods_YHDevelopFramework_Swift.framework; sourceTree = BUILT_PRODUCTS_DIR; };
		C7437F69150C3D7C93FF4911 /* Pods-YHDevelopFramework_Swift.release.xcconfig */ = {isa = PBXFileReference; includeInIndex = 1; lastKnownFileType = text.xcconfig; name = "Pods-YHDevelopFramework_Swift.release.xcconfig"; path = "Pods/Target Support Files/Pods-YHDevelopFramework_Swift/Pods-YHDevelopFramework_Swift.release.xcconfig"; sourceTree = "<group>"; };
		DB0A25C31DAB35620047BA94 /* HttpService.swift */ = {isa = PBXFileReference; fileEncoding = 4; lastKnownFileType = sourcecode.swift; path = HttpService.swift; sourceTree = "<group>"; };
		DB0A25C51DAB35B70047BA94 /* BaseService.swift */ = {isa = PBXFileReference; fileEncoding = 4; lastKnownFileType = sourcecode.swift; path = BaseService.swift; sourceTree = "<group>"; };
		DB0A25C71DAB9A330047BA94 /* HttpBaseService.swift */ = {isa = PBXFileReference; fileEncoding = 4; lastKnownFileType = sourcecode.swift; path = HttpBaseService.swift; sourceTree = "<group>"; };
		DB0B1A931DACCC2700891BAC /* SwiftyJSON.swift */ = {isa = PBXFileReference; fileEncoding = 4; lastKnownFileType = sourcecode.swift; path = SwiftyJSON.swift; sourceTree = "<group>"; };
		DB0B1A961DACCDFA00891BAC /* YHDeviceInfo.swift */ = {isa = PBXFileReference; fileEncoding = 4; lastKnownFileType = sourcecode.swift; path = YHDeviceInfo.swift; sourceTree = "<group>"; };
		DB0B1AB71DACD6FC00891BAC /* DeviceInfoViewController.swift */ = {isa = PBXFileReference; fileEncoding = 4; lastKnownFileType = sourcecode.swift; path = DeviceInfoViewController.swift; sourceTree = "<group>"; };
		DB0B1AB81DACD6FC00891BAC /* DeviceInfoViewController.xib */ = {isa = PBXFileReference; fileEncoding = 4; lastKnownFileType = file.xib; path = DeviceInfoViewController.xib; sourceTree = "<group>"; };
		DB0B1ABC1DACEE4500891BAC /* UIColor_EColor.swift */ = {isa = PBXFileReference; fileEncoding = 4; lastKnownFileType = sourcecode.swift; path = UIColor_EColor.swift; sourceTree = "<group>"; };
		DB0E25F21DA5392100618C5D /* YHDevelopFramework_Swift.app */ = {isa = PBXFileReference; explicitFileType = wrapper.application; includeInIndex = 0; path = YHDevelopFramework_Swift.app; sourceTree = BUILT_PRODUCTS_DIR; };
		DB0E25F51DA5392100618C5D /* AppDelegate.swift */ = {isa = PBXFileReference; lastKnownFileType = sourcecode.swift; name = AppDelegate.swift; path = ../AppDelegate.swift; sourceTree = "<group>"; };
		DB0E25F71DA5392100618C5D /* ViewController.swift */ = {isa = PBXFileReference; lastKnownFileType = sourcecode.swift; name = ViewController.swift; path = ../ViewController.swift; sourceTree = "<group>"; };
		DB0E25FA1DA5392100618C5D /* Base */ = {isa = PBXFileReference; lastKnownFileType = file.storyboard; name = Base; path = Base.lproj/Main.storyboard; sourceTree = "<group>"; };
		DB0E25FC1DA5392100618C5D /* Assets.xcassets */ = {isa = PBXFileReference; lastKnownFileType = folder.assetcatalog; name = Assets.xcassets; path = ../../Assets.xcassets; sourceTree = "<group>"; };
		DB0E25FF1DA5392100618C5D /* Base */ = {isa = PBXFileReference; lastKnownFileType = file.storyboard; name = Base; path = Base.lproj/LaunchScreen.storyboard; sourceTree = "<group>"; };
		DB0E26011DA5392100618C5D /* Info.plist */ = {isa = PBXFileReference; lastKnownFileType = text.plist.xml; name = Info.plist; path = ../../Info.plist; sourceTree = "<group>"; };
		DB24C3391DA9D55D00019439 /* YHNetwork.swift */ = {isa = PBXFileReference; fileEncoding = 4; lastKnownFileType = sourcecode.swift; path = YHNetwork.swift; sourceTree = "<group>"; };
		DB24C3421DA9E7DB00019439 /* HttpDemoViewController.xib */ = {isa = PBXFileReference; fileEncoding = 4; lastKnownFileType = file.xib; path = HttpDemoViewController.xib; sourceTree = "<group>"; };
		DB24C3441DA9E91600019439 /* BaseNavigationController.swift */ = {isa = PBXFileReference; fileEncoding = 4; lastKnownFileType = sourcecode.swift; path = BaseNavigationController.swift; sourceTree = "<group>"; };
		DB24DDE31DA894EF003F1741 /* YHLogger.swift */ = {isa = PBXFileReference; fileEncoding = 4; lastKnownFileType = sourcecode.swift; path = YHLogger.swift; sourceTree = "<group>"; };
		DB5DACB51DAF2ABD00D5F0B4 /* NSNumber_EFromatter.swift */ = {isa = PBXFileReference; fileEncoding = 4; lastKnownFileType = sourcecode.swift; path = NSNumber_EFromatter.swift; sourceTree = "<group>"; };
		DB5DACB71DAF606E00D5F0B4 /* 111.png */ = {isa = PBXFileReference; lastKnownFileType = image.png; path = 111.png; sourceTree = "<group>"; };
		DB5DACBC1DAF72A800D5F0B4 /* TestTempViewController.swift */ = {isa = PBXFileReference; fileEncoding = 4; lastKnownFileType = sourcecode.swift; path = TestTempViewController.swift; sourceTree = "<group>"; };
		DB5DACBD1DAF72A800D5F0B4 /* TestTempViewController.xib */ = {isa = PBXFileReference; fileEncoding = 4; lastKnownFileType = file.xib; path = TestTempViewController.xib; sourceTree = "<group>"; };
		DB5DACC11DAF74BC00D5F0B4 /* YHFileManger.swift */ = {isa = PBXFileReference; fileEncoding = 4; lastKnownFileType = sourcecode.swift; path = YHFileManger.swift; sourceTree = "<group>"; };
		DB5DACC41DAF7AFA00D5F0B4 /* FileViewController.swift */ = {isa = PBXFileReference; fileEncoding = 4; lastKnownFileType = sourcecode.swift; path = FileViewController.swift; sourceTree = "<group>"; };
		DB5DACC51DAF7AFA00D5F0B4 /* FileViewController.xib */ = {isa = PBXFileReference; fileEncoding = 4; lastKnownFileType = file.xib; path = FileViewController.xib; sourceTree = "<group>"; };
		DBC8D0211DB5CA5400B08ED4 /* SpringDemoViewController.swift */ = {isa = PBXFileReference; fileEncoding = 4; lastKnownFileType = sourcecode.swift; path = SpringDemoViewController.swift; sourceTree = "<group>"; };
		DBC8D0221DB5CA5400B08ED4 /* SpringDemoViewController.xib */ = {isa = PBXFileReference; fileEncoding = 4; lastKnownFileType = file.xib; path = SpringDemoViewController.xib; sourceTree = "<group>"; };
		DBC8D0261DB60BBF00B08ED4 /* PromiseViewController.swift */ = {isa = PBXFileReference; fileEncoding = 4; lastKnownFileType = sourcecode.swift; path = PromiseViewController.swift; sourceTree = "<group>"; };
		DBC8D0271DB60BBF00B08ED4 /* PromiseViewController.xib */ = {isa = PBXFileReference; fileEncoding = 4; lastKnownFileType = file.xib; path = PromiseViewController.xib; sourceTree = "<group>"; };
		DBD7CB271DADE11A004443A1 /* YHDevelopFramework_Swift.entitlements */ = {isa = PBXFileReference; lastKnownFileType = text.plist.entitlements; path = YHDevelopFramework_Swift.entitlements; sourceTree = "<group>"; };
		DBD7CB281DAE0920004443A1 /* UIImage_ELoad.swift */ = {isa = PBXFileReference; fileEncoding = 4; lastKnownFileType = sourcecode.swift; path = UIImage_ELoad.swift; sourceTree = "<group>"; };
		DBD7CB2A1DAE0BB6004443A1 /* pic_1.jpg */ = {isa = PBXFileReference; lastKnownFileType = image.jpeg; path = pic_1.jpg; sourceTree = "<group>"; };
		DBD7CB2B1DAE0BB6004443A1 /* pic_4.jpg */ = {isa = PBXFileReference; lastKnownFileType = image.jpeg; path = pic_4.jpg; sourceTree = "<group>"; };
		DBD7CB2C1DAE0BB6004443A1 /* pic_6.jpg */ = {isa = PBXFileReference; lastKnownFileType = image.jpeg; path = pic_6.jpg; sourceTree = "<group>"; };
		DBD7CB2D1DAE0BB6004443A1 /* pic_10.jpg */ = {isa = PBXFileReference; lastKnownFileType = image.jpeg; path = pic_10.jpg; sourceTree = "<group>"; };
		DBD7CB2E1DAE0BB6004443A1 /* pic_13.png */ = {isa = PBXFileReference; lastKnownFileType = image.png; path = pic_13.png; sourceTree = "<group>"; };
		DBD7CB341DAE0C84004443A1 /* NSDictionary_ELoad.swift */ = {isa = PBXFileReference; fileEncoding = 4; lastKnownFileType = sourcecode.swift; path = NSDictionary_ELoad.swift; sourceTree = "<group>"; };
		DBD7CB361DAE0F6F004443A1 /* NSArray_ELoad.swift */ = {isa = PBXFileReference; fileEncoding = 4; lastKnownFileType = sourcecode.swift; path = NSArray_ELoad.swift; sourceTree = "<group>"; };
		DBD7CB381DAE152C004443A1 /* testJson.json */ = {isa = PBXFileReference; fileEncoding = 4; lastKnownFileType = text.json; path = testJson.json; sourceTree = "<group>"; };
		DBD7CB3B1DAE17E5004443A1 /* YHGlobalVariable.swift */ = {isa = PBXFileReference; fileEncoding = 4; lastKnownFileType = sourcecode.swift; path = YHGlobalVariable.swift; sourceTree = "<group>"; };
		DBD7CB3D1DAE1E94004443A1 /* UIView_EAssist.swift */ = {isa = PBXFileReference; fileEncoding = 4; lastKnownFileType = sourcecode.swift; path = UIView_EAssist.swift; sourceTree = "<group>"; };
		DBD7CB3F1DAE1EC8004443A1 /* NSObject_EAssist.swift */ = {isa = PBXFileReference; fileEncoding = 4; lastKnownFileType = sourcecode.swift; path = NSObject_EAssist.swift; sourceTree = "<group>"; };
		DBD7CB411DAE258F004443A1 /* NSString_ERect.swift */ = {isa = PBXFileReference; fileEncoding = 4; lastKnownFileType = sourcecode.swift; path = NSString_ERect.swift; sourceTree = "<group>"; };
		DBD7CB431DAE307D004443A1 /* YHGlobalFunc.swift */ = {isa = PBXFileReference; fileEncoding = 4; lastKnownFileType = sourcecode.swift; path = YHGlobalFunc.swift; sourceTree = "<group>"; };
		DBD7CB451DAE30D5004443A1 /* NSDate_EStamp.swift */ = {isa = PBXFileReference; fileEncoding = 4; lastKnownFileType = sourcecode.swift; path = NSDate_EStamp.swift; sourceTree = "<group>"; };
		DBDF15121DB70BAC0072364A /* YHNetworkReachability.swift */ = {isa = PBXFileReference; fileEncoding = 4; lastKnownFileType = sourcecode.swift; path = YHNetworkReachability.swift; sourceTree = "<group>"; };
		DBDF15141DB74AD40072364A /* YHURLCache.swift */ = {isa = PBXFileReference; fileEncoding = 4; lastKnownFileType = sourcecode.swift; path = YHURLCache.swift; sourceTree = "<group>"; };
		DBFA94611DA8F42B00A9098D /* BaseViewController.swift */ = {isa = PBXFileReference; fileEncoding = 4; lastKnownFileType = sourcecode.swift; path = BaseViewController.swift; sourceTree = "<group>"; };
		DBFA94661DA8F83900A9098D /* demo.plist */ = {isa = PBXFileReference; fileEncoding = 4; lastKnownFileType = text.plist.xml; path = demo.plist; sourceTree = "<group>"; };
		DBFA94681DA8F87700A9098D /* HttpDemoViewController.swift */ = {isa = PBXFileReference; fileEncoding = 4; lastKnownFileType = sourcecode.swift; path = HttpDemoViewController.swift; sourceTree = "<group>"; };
/* End PBXFileReference section */

/* Begin PBXFrameworksBuildPhase section */
		DB0E25EF1DA5392100618C5D /* Frameworks */ = {
			isa = PBXFrameworksBuildPhase;
			buildActionMask = 2147483647;
			files = (
				642F1CFE09F0730FB4836AF0 /* Pods_YHDevelopFramework_Swift.framework in Frameworks */,
			);
			runOnlyForDeploymentPostprocessing = 0;
		};
/* End PBXFrameworksBuildPhase section */

/* Begin PBXGroup section */
		5F3E3A6B3AACCDE2CBA3BFE8 /* Frameworks */ = {
			isa = PBXGroup;
			children = (
				94130C2CA9DFFE1E1D0274D7 /* Pods_YHDevelopFramework_Swift.framework */,
			);
			name = Frameworks;
			sourceTree = "<group>";
		};
		BB6B87EB6CD4A68CC7422CF8 /* Pods */ = {
			isa = PBXGroup;
			children = (
				2E8B41077FA94A7CEEAB3C41 /* Pods-YHDevelopFramework_Swift.debug.xcconfig */,
				C7437F69150C3D7C93FF4911 /* Pods-YHDevelopFramework_Swift.release.xcconfig */,
			);
			name = Pods;
			sourceTree = "<group>";
		};
		DB0B1A911DACCBE600891BAC /* thirdParts */ = {
			isa = PBXGroup;
			children = (
				DB0B1A921DACCC0500891BAC /* SwiftyJSON */,
			);
			path = thirdParts;
			sourceTree = "<group>";
		};
		DB0B1A921DACCC0500891BAC /* SwiftyJSON */ = {
			isa = PBXGroup;
			children = (
				DB0B1A931DACCC2700891BAC /* SwiftyJSON.swift */,
			);
			path = SwiftyJSON;
			sourceTree = "<group>";
		};
		DB0B1A951DACCDD700891BAC /* deviceInfo */ = {
			isa = PBXGroup;
			children = (
				DB0B1A961DACCDFA00891BAC /* YHDeviceInfo.swift */,
			);
			path = deviceInfo;
			sourceTree = "<group>";
		};
		DB0B1AB61DACD6B900891BAC /* deviceInfoDemo */ = {
			isa = PBXGroup;
			children = (
				DB0B1AB71DACD6FC00891BAC /* DeviceInfoViewController.swift */,
				DB0B1AB81DACD6FC00891BAC /* DeviceInfoViewController.xib */,
			);
			path = deviceInfoDemo;
			sourceTree = "<group>";
		};
		DB0B1ABB1DACEE0800891BAC /* extension */ = {
			isa = PBXGroup;
			children = (
				DBD7CB3F1DAE1EC8004443A1 /* NSObject_EAssist.swift */,
				DB0B1ABC1DACEE4500891BAC /* UIColor_EColor.swift */,
				DBD7CB281DAE0920004443A1 /* UIImage_ELoad.swift */,
				DBD7CB341DAE0C84004443A1 /* NSDictionary_ELoad.swift */,
				DBD7CB361DAE0F6F004443A1 /* NSArray_ELoad.swift */,
				DBD7CB3D1DAE1E94004443A1 /* UIView_EAssist.swift */,
				DBD7CB411DAE258F004443A1 /* NSString_ERect.swift */,
				DBD7CB451DAE30D5004443A1 /* NSDate_EStamp.swift */,
				DB5DACB51DAF2ABD00D5F0B4 /* NSNumber_EFromatter.swift */,
			);
			path = extension;
			sourceTree = "<group>";
		};
		DB0E25E91DA5392100618C5D = {
			isa = PBXGroup;
			children = (
				DB0E25F41DA5392100618C5D /* YHDevelopFramework_Swift */,
				DB0E25F31DA5392100618C5D /* Products */,
				BB6B87EB6CD4A68CC7422CF8 /* Pods */,
				5F3E3A6B3AACCDE2CBA3BFE8 /* Frameworks */,
			);
			sourceTree = "<group>";
		};
		DB0E25F31DA5392100618C5D /* Products */ = {
			isa = PBXGroup;
			children = (
				DB0E25F21DA5392100618C5D /* YHDevelopFramework_Swift.app */,
			);
			name = Products;
			sourceTree = "<group>";
		};
		DB0E25F41DA5392100618C5D /* YHDevelopFramework_Swift */ = {
			isa = PBXGroup;
			children = (
				DBD7CB271DADE11A004443A1 /* YHDevelopFramework_Swift.entitlements */,
				DB0E26091DA5397400618C5D /* test */,
				DB0E26081DA5396500618C5D /* framework */,
				DB0E26071DA5395E00618C5D /* classes */,
			);
			path = YHDevelopFramework_Swift;
			sourceTree = "<group>";
		};
		DB0E26071DA5395E00618C5D /* classes */ = {
			isa = PBXGroup;
			children = (
				DB0E260C1DA5399100618C5D /* modules */,
				DB0E260B1DA5398400618C5D /* res_sources */,
				DB0E260A1DA5397D00618C5D /* deploy */,
			);
			path = classes;
			sourceTree = "<group>";
		};
		DB0E26081DA5396500618C5D /* framework */ = {
			isa = PBXGroup;
			children = (
				DBD7CB3A1DAE17BD004443A1 /* global */,
				DB0B1ABB1DACEE0800891BAC /* extension */,
				DB0B1A911DACCBE600891BAC /* thirdParts */,
				DBFA94581DA8F0D400A9098D /* baseObject */,
				DB24DDE11DA894B2003F1741 /* component */,
			);
			path = framework;
			sourceTree = "<group>";
		};
		DB0E26091DA5397400618C5D /* test */ = {
			isa = PBXGroup;
			children = (
				DBFA94641DA8F7F000A9098D /* demo */,
				DB0E25F51DA5392100618C5D /* AppDelegate.swift */,
				DB0E25F71DA5392100618C5D /* ViewController.swift */,
				DB0E25F91DA5392100618C5D /* Main.storyboard */,
				DB0E25FE1DA5392100618C5D /* LaunchScreen.storyboard */,
				DBFA94661DA8F83900A9098D /* demo.plist */,
			);
			path = test;
			sourceTree = "<group>";
		};
		DB0E260A1DA5397D00618C5D /* deploy */ = {
			isa = PBXGroup;
			children = (
				DB0E26011DA5392100618C5D /* Info.plist */,
			);
			path = deploy;
			sourceTree = "<group>";
		};
		DB0E260B1DA5398400618C5D /* res_sources */ = {
			isa = PBXGroup;
			children = (
				DB5DACB71DAF606E00D5F0B4 /* 111.png */,
				DBD7CB2A1DAE0BB6004443A1 /* pic_1.jpg */,
				DBD7CB2B1DAE0BB6004443A1 /* pic_4.jpg */,
				DBD7CB2C1DAE0BB6004443A1 /* pic_6.jpg */,
				DBD7CB2D1DAE0BB6004443A1 /* pic_10.jpg */,
				DBD7CB2E1DAE0BB6004443A1 /* pic_13.png */,
				DB0E25FC1DA5392100618C5D /* Assets.xcassets */,
				DBD7CB381DAE152C004443A1 /* testJson.json */,
			);
			path = res_sources;
			sourceTree = "<group>";
		};
		DB0E260C1DA5399100618C5D /* modules */ = {
			isa = PBXGroup;
			children = (
			);
			name = modules;
			path = classes;
			sourceTree = "<group>";
		};
		DB24DDE11DA894B2003F1741 /* component */ = {
			isa = PBXGroup;
			children = (
				DB5DACC01DAF746D00D5F0B4 /* fileManager */,
				DB0B1A951DACCDD700891BAC /* deviceInfo */,
				DBFA94631DA8F64E00A9098D /* http */,
				DB24DDE21DA894D6003F1741 /* logger */,
			);
			path = component;
			sourceTree = "<group>";
		};
		DB24DDE21DA894D6003F1741 /* logger */ = {
			isa = PBXGroup;
			children = (
				DB24DDE31DA894EF003F1741 /* YHLogger.swift */,
			);
			path = logger;
			sourceTree = "<group>";
		};
		DB5DACBB1DAF727E00D5F0B4 /* testTempDemo */ = {
			isa = PBXGroup;
			children = (
				DB5DACBC1DAF72A800D5F0B4 /* TestTempViewController.swift */,
				DB5DACBD1DAF72A800D5F0B4 /* TestTempViewController.xib */,
			);
			path = testTempDemo;
			sourceTree = "<group>";
		};
		DB5DACC01DAF746D00D5F0B4 /* fileManager */ = {
			isa = PBXGroup;
			children = (
				DB5DACC11DAF74BC00D5F0B4 /* YHFileManger.swift */,
			);
			path = fileManager;
			sourceTree = "<group>";
		};
		DB5DACC31DAF7AC700D5F0B4 /* fileDemo */ = {
			isa = PBXGroup;
			children = (
				DB5DACC41DAF7AFA00D5F0B4 /* FileViewController.swift */,
				DB5DACC51DAF7AFA00D5F0B4 /* FileViewController.xib */,
			);
			path = fileDemo;
			sourceTree = "<group>";
		};
		DBC8D0201DB5CA1500B08ED4 /* springDemo */ = {
			isa = PBXGroup;
			children = (
				DBC8D0211DB5CA5400B08ED4 /* SpringDemoViewController.swift */,
				DBC8D0221DB5CA5400B08ED4 /* SpringDemoViewController.xib */,
			);
			path = springDemo;
			sourceTree = "<group>";
		};
		DBC8D0251DB60B8A00B08ED4 /* promiseDemo */ = {
			isa = PBXGroup;
			children = (
				DBC8D0261DB60BBF00B08ED4 /* PromiseViewController.swift */,
				DBC8D0271DB60BBF00B08ED4 /* PromiseViewController.xib */,
			);
			path = promiseDemo;
			sourceTree = "<group>";
		};
		DBD7CB3A1DAE17BD004443A1 /* global */ = {
			isa = PBXGroup;
			children = (
				DBD7CB3B1DAE17E5004443A1 /* YHGlobalVariable.swift */,
				DBD7CB431DAE307D004443A1 /* YHGlobalFunc.swift */,
			);
			path = global;
			sourceTree = "<group>";
		};
		DBFA94581DA8F0D400A9098D /* baseObject */ = {
			isa = PBXGroup;
			children = (
				DBFA945C1DA8F15300A9098D /* model */,
				DBFA945B1DA8F13E00A9098D /* service */,
				DBFA945A1DA8F12F00A9098D /* controller */,
				DBFA94591DA8F12200A9098D /* view */,
			);
			path = baseObject;
			sourceTree = "<group>";
		};
		DBFA94591DA8F12200A9098D /* view */ = {
			isa = PBXGroup;
			children = (
			);
			path = view;
			sourceTree = "<group>";
		};
		DBFA945A1DA8F12F00A9098D /* controller */ = {
			isa = PBXGroup;
			children = (
				DBFA94611DA8F42B00A9098D /* BaseViewController.swift */,
				DB24C3441DA9E91600019439 /* BaseNavigationController.swift */,
			);
			path = controller;
			sourceTree = "<group>";
		};
		DBFA945B1DA8F13E00A9098D /* service */ = {
			isa = PBXGroup;
			children = (
				DB0A25C51DAB35B70047BA94 /* BaseService.swift */,
				DB0A25C71DAB9A330047BA94 /* HttpBaseService.swift */,
			);
			path = service;
			sourceTree = "<group>";
		};
		DBFA945C1DA8F15300A9098D /* model */ = {
			isa = PBXGroup;
			children = (
			);
			path = model;
			sourceTree = "<group>";
		};
		DBFA94631DA8F64E00A9098D /* http */ = {
			isa = PBXGroup;
			children = (
				DB24C3391DA9D55D00019439 /* YHNetwork.swift */,
				DBDF15121DB70BAC0072364A /* YHNetworkReachability.swift */,
				DBDF15141DB74AD40072364A /* YHURLCache.swift */,
			);
			path = http;
			sourceTree = "<group>";
		};
		DBFA94641DA8F7F000A9098D /* demo */ = {
			isa = PBXGroup;
			children = (
				DBC8D0251DB60B8A00B08ED4 /* promiseDemo */,
				DBC8D0201DB5CA1500B08ED4 /* springDemo */,
				DB5DACC31DAF7AC700D5F0B4 /* fileDemo */,
				DB5DACBB1DAF727E00D5F0B4 /* testTempDemo */,
				DB0B1AB61DACD6B900891BAC /* deviceInfoDemo */,
				DBFA94651DA8F80200A9098D /* httpDemo */,
			);
			path = demo;
			sourceTree = "<group>";
		};
		DBFA94651DA8F80200A9098D /* httpDemo */ = {
			isa = PBXGroup;
			children = (
				DBFA94681DA8F87700A9098D /* HttpDemoViewController.swift */,
				DB24C3421DA9E7DB00019439 /* HttpDemoViewController.xib */,
				DB0A25C31DAB35620047BA94 /* HttpService.swift */,
			);
			path = httpDemo;
			sourceTree = "<group>";
		};
/* End PBXGroup section */

/* Begin PBXNativeTarget section */
		DB0E25F11DA5392100618C5D /* YHDevelopFramework_Swift */ = {
			isa = PBXNativeTarget;
			buildConfigurationList = DB0E26041DA5392100618C5D /* Build configuration list for PBXNativeTarget "YHDevelopFramework_Swift" */;
			buildPhases = (
				0233C2823FCB2536269231C4 /* [CP] Check Pods Manifest.lock */,
				DB0E25EE1DA5392100618C5D /* Sources */,
				DB0E25EF1DA5392100618C5D /* Frameworks */,
				DB0E25F01DA5392100618C5D /* Resources */,
				8E861564B2AF6074978DDBF7 /* [CP] Embed Pods Frameworks */,
				B025712DB44CB8A8AB273355 /* [CP] Copy Pods Resources */,
			);
			buildRules = (
			);
			dependencies = (
			);
			name = YHDevelopFramework_Swift;
			productName = YHDevelopFramework_Swift;
			productReference = DB0E25F21DA5392100618C5D /* YHDevelopFramework_Swift.app */;
			productType = "com.apple.product-type.application";
		};
/* End PBXNativeTarget section */

/* Begin PBXProject section */
		DB0E25EA1DA5392100618C5D /* Project object */ = {
			isa = PBXProject;
			attributes = {
				LastSwiftUpdateCheck = 0800;
				LastUpgradeCheck = 0800;
				ORGANIZATIONNAME = isoftstone;
				TargetAttributes = {
					DB0E25F11DA5392100618C5D = {
						CreatedOnToolsVersion = 8.0;
						DevelopmentTeam = QZQD5SSHHH;
						ProvisioningStyle = Automatic;
						SystemCapabilities = {
							com.apple.Keychain = {
								enabled = 1;
							};
						};
					};
				};
			};
			buildConfigurationList = DB0E25ED1DA5392100618C5D /* Build configuration list for PBXProject "YHDevelopFramework_Swift" */;
			compatibilityVersion = "Xcode 3.2";
			developmentRegion = English;
			hasScannedForEncodings = 0;
			knownRegions = (
				en,
				Base,
			);
			mainGroup = DB0E25E91DA5392100618C5D;
			productRefGroup = DB0E25F31DA5392100618C5D /* Products */;
			projectDirPath = "";
			projectRoot = "";
			targets = (
				DB0E25F11DA5392100618C5D /* YHDevelopFramework_Swift */,
			);
		};
/* End PBXProject section */

/* Begin PBXResourcesBuildPhase section */
		DB0E25F01DA5392100618C5D /* Resources */ = {
			isa = PBXResourcesBuildPhase;
			buildActionMask = 2147483647;
			files = (
				DB5DACB81DAF606E00D5F0B4 /* 111.png in Resources */,
				DB0B1ABA1DACD6FC00891BAC /* DeviceInfoViewController.xib in Resources */,
				DB24C3431DA9E7DB00019439 /* HttpDemoViewController.xib in Resources */,
				DB0E26001DA5392100618C5D /* LaunchScreen.storyboard in Resources */,
				DBC8D0241DB5CA5400B08ED4 /* SpringDemoViewController.xib in Resources */,
				DBFA94671DA8F83900A9098D /* demo.plist in Resources */,
				DB5DACC71DAF7AFA00D5F0B4 /* FileViewController.xib in Resources */,
				DBD7CB2F1DAE0BB6004443A1 /* pic_1.jpg in Resources */,
				DBC8D0291DB60BBF00B08ED4 /* PromiseViewController.xib in Resources */,
				DBD7CB321DAE0BB6004443A1 /* pic_10.jpg in Resources */,
				DBD7CB331DAE0BB6004443A1 /* pic_13.png in Resources */,
				DBD7CB391DAE152C004443A1 /* testJson.json in Resources */,
				DBD7CB311DAE0BB6004443A1 /* pic_6.jpg in Resources */,
				DB0E25FD1DA5392100618C5D /* Assets.xcassets in Resources */,
				DB0E25FB1DA5392100618C5D /* Main.storyboard in Resources */,
				DB5DACBF1DAF72A800D5F0B4 /* TestTempViewController.xib in Resources */,
				DBD7CB301DAE0BB6004443A1 /* pic_4.jpg in Resources */,
			);
			runOnlyForDeploymentPostprocessing = 0;
		};
/* End PBXResourcesBuildPhase section */

/* Begin PBXShellScriptBuildPhase section */
		0233C2823FCB2536269231C4 /* [CP] Check Pods Manifest.lock */ = {
			isa = PBXShellScriptBuildPhase;
			buildActionMask = 2147483647;
			files = (
			);
			inputPaths = (
			);
			name = "[CP] Check Pods Manifest.lock";
			outputPaths = (
			);
			runOnlyForDeploymentPostprocessing = 0;
			shellPath = /bin/sh;
			shellScript = "diff \"${PODS_ROOT}/../Podfile.lock\" \"${PODS_ROOT}/Manifest.lock\" > /dev/null\nif [ $? != 0 ] ; then\n    # print error to STDERR\n    echo \"error: The sandbox is not in sync with the Podfile.lock. Run 'pod install' or update your CocoaPods installation.\" >&2\n    exit 1\nfi\n";
			showEnvVarsInLog = 0;
		};
		8E861564B2AF6074978DDBF7 /* [CP] Embed Pods Frameworks */ = {
			isa = PBXShellScriptBuildPhase;
			buildActionMask = 2147483647;
			files = (
			);
			inputPaths = (
			);
			name = "[CP] Embed Pods Frameworks";
			outputPaths = (
			);
			runOnlyForDeploymentPostprocessing = 0;
			shellPath = /bin/sh;
			shellScript = "\"${SRCROOT}/Pods/Target Support Files/Pods-YHDevelopFramework_Swift/Pods-YHDevelopFramework_Swift-frameworks.sh\"\n";
			showEnvVarsInLog = 0;
		};
		B025712DB44CB8A8AB273355 /* [CP] Copy Pods Resources */ = {
			isa = PBXShellScriptBuildPhase;
			buildActionMask = 2147483647;
			files = (
			);
			inputPaths = (
			);
			name = "[CP] Copy Pods Resources";
			outputPaths = (
			);
			runOnlyForDeploymentPostprocessing = 0;
			shellPath = /bin/sh;
			shellScript = "\"${SRCROOT}/Pods/Target Support Files/Pods-YHDevelopFramework_Swift/Pods-YHDevelopFramework_Swift-resources.sh\"\n";
			showEnvVarsInLog = 0;
		};
/* End PBXShellScriptBuildPhase section */

/* Begin PBXSourcesBuildPhase section */
		DB0E25EE1DA5392100618C5D /* Sources */ = {
			isa = PBXSourcesBuildPhase;
			buildActionMask = 2147483647;
			files = (
				DB0A25C41DAB35620047BA94 /* HttpService.swift in Sources */,
				DBD7CB441DAE307D004443A1 /* YHGlobalFunc.swift in Sources */,
				DBD7CB351DAE0C84004443A1 /* NSDictionary_ELoad.swift in Sources */,
				DB0E25F81DA5392100618C5D /* ViewController.swift in Sources */,
				DBD7CB3E1DAE1E94004443A1 /* UIView_EAssist.swift in Sources */,
				DB24C33A1DA9D55D00019439 /* YHNetwork.swift in Sources */,
				DB5DACBE1DAF72A800D5F0B4 /* TestTempViewController.swift in Sources */,
				DB0B1AB91DACD6FC00891BAC /* DeviceInfoViewController.swift in Sources */,
				DBC8D0281DB60BBF00B08ED4 /* PromiseViewController.swift in Sources */,
				DB0B1A971DACCDFA00891BAC /* YHDeviceInfo.swift in Sources */,
				DBD7CB3C1DAE17E5004443A1 /* YHGlobalVariable.swift in Sources */,
				DBD7CB421DAE258F004443A1 /* NSString_ERect.swift in Sources */,
				DB0B1A941DACCC2700891BAC /* SwiftyJSON.swift in Sources */,
				DBFA94691DA8F87700A9098D /* HttpDemoViewController.swift in Sources */,
				DBD7CB371DAE0F6F004443A1 /* NSArray_ELoad.swift in Sources */,
				DB24DDE41DA894EF003F1741 /* YHLogger.swift in Sources */,
				DB0A25C61DAB35B70047BA94 /* BaseService.swift in Sources */,
				DB5DACC21DAF74BC00D5F0B4 /* YHFileManger.swift in Sources */,
				DB0B1ABD1DACEE4500891BAC /* UIColor_EColor.swift in Sources */,
				DBDF15151DB74AD40072364A /* YHURLCache.swift in Sources */,
				DB5DACC61DAF7AFA00D5F0B4 /* FileViewController.swift in Sources */,
				DBDF15131DB70BAC0072364A /* YHNetworkReachability.swift in Sources */,
				DBD7CB461DAE30D5004443A1 /* NSDate_EStamp.swift in Sources */,
				DB0A25C81DAB9A330047BA94 /* HttpBaseService.swift in Sources */,
				DB0E25F61DA5392100618C5D /* AppDelegate.swift in Sources */,
				DBD7CB291DAE0920004443A1 /* UIImage_ELoad.swift in Sources */,
				DBD7CB401DAE1EC8004443A1 /* NSObject_EAssist.swift in Sources */,
				DBC8D0231DB5CA5400B08ED4 /* SpringDemoViewController.swift in Sources */,
				DB24C3451DA9E91600019439 /* BaseNavigationController.swift in Sources */,
				DB5DACB61DAF2ABD00D5F0B4 /* NSNumber_EFromatter.swift in Sources */,
				DBFA94621DA8F42B00A9098D /* BaseViewController.swift in Sources */,
			);
			runOnlyForDeploymentPostprocessing = 0;
		};
/* End PBXSourcesBuildPhase section */

/* Begin PBXVariantGroup section */
		DB0E25F91DA5392100618C5D /* Main.storyboard */ = {
			isa = PBXVariantGroup;
			children = (
				DB0E25FA1DA5392100618C5D /* Base */,
			);
			name = Main.storyboard;
			path = ..;
			sourceTree = "<group>";
		};
		DB0E25FE1DA5392100618C5D /* LaunchScreen.storyboard */ = {
			isa = PBXVariantGroup;
			children = (
				DB0E25FF1DA5392100618C5D /* Base */,
			);
			name = LaunchScreen.storyboard;
			path = ..;
			sourceTree = "<group>";
		};
/* End PBXVariantGroup section */

/* Begin XCBuildConfiguration section */
		DB0E26021DA5392100618C5D /* Debug */ = {
			isa = XCBuildConfiguration;
			buildSettings = {
				ALWAYS_EMBED_SWIFT_STANDARD_LIBRARIES = YES;
				ALWAYS_SEARCH_USER_PATHS = NO;
				CLANG_ANALYZER_NONNULL = YES;
				CLANG_CXX_LANGUAGE_STANDARD = "gnu++0x";
				CLANG_CXX_LIBRARY = "libc++";
				CLANG_ENABLE_MODULES = YES;
				CLANG_ENABLE_OBJC_ARC = YES;
				CLANG_WARN_BOOL_CONVERSION = YES;
				CLANG_WARN_CONSTANT_CONVERSION = YES;
				CLANG_WARN_DIRECT_OBJC_ISA_USAGE = YES_ERROR;
				CLANG_WARN_DOCUMENTATION_COMMENTS = YES;
				CLANG_WARN_EMPTY_BODY = YES;
				CLANG_WARN_ENUM_CONVERSION = YES;
				CLANG_WARN_INFINITE_RECURSION = YES;
				CLANG_WARN_INT_CONVERSION = YES;
				CLANG_WARN_OBJC_ROOT_CLASS = YES_ERROR;
				CLANG_WARN_SUSPICIOUS_MOVE = YES;
				CLANG_WARN_SUSPICIOUS_MOVES = YES;
				CLANG_WARN_UNREACHABLE_CODE = YES;
				CLANG_WARN__DUPLICATE_METHOD_MATCH = YES;
				"CODE_SIGN_IDENTITY[sdk=iphoneos*]" = "iPhone Developer";
				COPY_PHASE_STRIP = NO;
				DEBUG_INFORMATION_FORMAT = dwarf;
				ENABLE_STRICT_OBJC_MSGSEND = YES;
				ENABLE_TESTABILITY = YES;
				GCC_C_LANGUAGE_STANDARD = gnu99;
				GCC_DYNAMIC_NO_PIC = NO;
				GCC_NO_COMMON_BLOCKS = YES;
				GCC_OPTIMIZATION_LEVEL = 0;
				GCC_PREPROCESSOR_DEFINITIONS = (
					"DEBUG=1",
					"$(inherited)",
				);
				GCC_WARN_64_TO_32_BIT_CONVERSION = YES;
				GCC_WARN_ABOUT_RETURN_TYPE = YES_ERROR;
				GCC_WARN_UNDECLARED_SELECTOR = YES;
				GCC_WARN_UNINITIALIZED_AUTOS = YES_AGGRESSIVE;
				GCC_WARN_UNUSED_FUNCTION = YES;
				GCC_WARN_UNUSED_VARIABLE = YES;
				IPHONEOS_DEPLOYMENT_TARGET = 10.0;
				MTL_ENABLE_DEBUG_INFO = YES;
				ONLY_ACTIVE_ARCH = YES;
				SDKROOT = iphoneos;
				SWIFT_ACTIVE_COMPILATION_CONDITIONS = DEBUG;
				SWIFT_OPTIMIZATION_LEVEL = "-Onone";
			};
			name = Debug;
		};
		DB0E26031DA5392100618C5D /* Release */ = {
			isa = XCBuildConfiguration;
			buildSettings = {
				ALWAYS_EMBED_SWIFT_STANDARD_LIBRARIES = YES;
				ALWAYS_SEARCH_USER_PATHS = NO;
				CLANG_ANALYZER_NONNULL = YES;
				CLANG_CXX_LANGUAGE_STANDARD = "gnu++0x";
				CLANG_CXX_LIBRARY = "libc++";
				CLANG_ENABLE_MODULES = YES;
				CLANG_ENABLE_OBJC_ARC = YES;
				CLANG_WARN_BOOL_CONVERSION = YES;
				CLANG_WARN_CONSTANT_CONVERSION = YES;
				CLANG_WARN_DIRECT_OBJC_ISA_USAGE = YES_ERROR;
				CLANG_WARN_DOCUMENTATION_COMMENTS = YES;
				CLANG_WARN_EMPTY_BODY = YES;
				CLANG_WARN_ENUM_CONVERSION = YES;
				CLANG_WARN_INFINITE_RECURSION = YES;
				CLANG_WARN_INT_CONVERSION = YES;
				CLANG_WARN_OBJC_ROOT_CLASS = YES_ERROR;
				CLANG_WARN_SUSPICIOUS_MOVE = YES;
				CLANG_WARN_SUSPICIOUS_MOVES = YES;
				CLANG_WARN_UNREACHABLE_CODE = YES;
				CLANG_WARN__DUPLICATE_METHOD_MATCH = YES;
				"CODE_SIGN_IDENTITY[sdk=iphoneos*]" = "iPhone Developer";
				COPY_PHASE_STRIP = NO;
				DEBUG_INFORMATION_FORMAT = "dwarf-with-dsym";
				ENABLE_NS_ASSERTIONS = NO;
				ENABLE_STRICT_OBJC_MSGSEND = YES;
				GCC_C_LANGUAGE_STANDARD = gnu99;
				GCC_NO_COMMON_BLOCKS = YES;
				GCC_WARN_64_TO_32_BIT_CONVERSION = YES;
				GCC_WARN_ABOUT_RETURN_TYPE = YES_ERROR;
				GCC_WARN_UNDECLARED_SELECTOR = YES;
				GCC_WARN_UNINITIALIZED_AUTOS = YES_AGGRESSIVE;
				GCC_WARN_UNUSED_FUNCTION = YES;
				GCC_WARN_UNUSED_VARIABLE = YES;
				IPHONEOS_DEPLOYMENT_TARGET = 10.0;
				MTL_ENABLE_DEBUG_INFO = NO;
				SDKROOT = iphoneos;
				SWIFT_OPTIMIZATION_LEVEL = "-Owholemodule";
				VALIDATE_PRODUCT = YES;
			};
			name = Release;
		};
		DB0E26051DA5392100618C5D /* Debug */ = {
			isa = XCBuildConfiguration;
			baseConfigurationReference = 2E8B41077FA94A7CEEAB3C41 /* Pods-YHDevelopFramework_Swift.debug.xcconfig */;
			buildSettings = {
				ALWAYS_EMBED_SWIFT_STANDARD_LIBRARIES = "$(inherited)";
				ASSETCATALOG_COMPILER_APPICON_NAME = AppIcon;
				CODE_SIGN_ENTITLEMENTS = YHDevelopFramework_Swift/YHDevelopFramework_Swift.entitlements;
				"CODE_SIGN_IDENTITY[sdk=iphoneos*]" = "iPhone Developer";
				DEVELOPMENT_TEAM = QZQD5SSHHH;
				INFOPLIST_FILE = YHDevelopFramework_Swift/Info.plist;
				IPHONEOS_DEPLOYMENT_TARGET = 9.0;
				LD_RUNPATH_SEARCH_PATHS = "$(inherited) @executable_path/Frameworks";
				PRODUCT_BUNDLE_IDENTIFIER = "com.yht.YHDevelopFramework-Swift";
				PRODUCT_NAME = "$(TARGET_NAME)";
				SWIFT_VERSION = 3.0;
			};
			name = Debug;
		};
		DB0E26061DA5392100618C5D /* Release */ = {
			isa = XCBuildConfiguration;
			baseConfigurationReference = C7437F69150C3D7C93FF4911 /* Pods-YHDevelopFramework_Swift.release.xcconfig */;
			buildSettings = {
				ALWAYS_EMBED_SWIFT_STANDARD_LIBRARIES = "$(inherited)";
				ASSETCATALOG_COMPILER_APPICON_NAME = AppIcon;
				CODE_SIGN_ENTITLEMENTS = YHDevelopFramework_Swift/YHDevelopFramework_Swift.entitlements;
				"CODE_SIGN_IDENTITY[sdk=iphoneos*]" = "iPhone Developer";
				DEVELOPMENT_TEAM = QZQD5SSHHH;
				INFOPLIST_FILE = YHDevelopFramework_Swift/Info.plist;
				IPHONEOS_DEPLOYMENT_TARGET = 9.0;
				LD_RUNPATH_SEARCH_PATHS = "$(inherited) @executable_path/Frameworks";
				PRODUCT_BUNDLE_IDENTIFIER = "com.yht.YHDevelopFramework-Swift";
				PRODUCT_NAME = "$(TARGET_NAME)";
				SWIFT_VERSION = 3.0;
			};
			name = Release;
		};
/* End XCBuildConfiguration section */

/* Begin XCConfigurationList section */
		DB0E25ED1DA5392100618C5D /* Build configuration list for PBXProject "YHDevelopFramework_Swift" */ = {
			isa = XCConfigurationList;
			buildConfigurations = (
				DB0E26021DA5392100618C5D /* Debug */,
				DB0E26031DA5392100618C5D /* Release */,
			);
			defaultConfigurationIsVisible = 0;
			defaultConfigurationName = Release;
		};
		DB0E26041DA5392100618C5D /* Build configuration list for PBXNativeTarget "YHDevelopFramework_Swift" */ = {
			isa = XCConfigurationList;
			buildConfigurations = (
				DB0E26051DA5392100618C5D /* Debug */,
				DB0E26061DA5392100618C5D /* Release */,
			);
			defaultConfigurationIsVisible = 0;
			defaultConfigurationName = Release;
		};
/* End XCConfigurationList section */
	};
	rootObject = DB0E25EA1DA5392100618C5D /* Project object */;
}
