PODS:
  - Alamofire (4.0.1)
  - IQKeyboardManagerSwift (4.0.6)
  - KeychainAccess (3.0.0)
  - Kingfisher (3.1.3)
  - PromiseKit (4.0.3):
    - PromiseKit/Foundation (= 4.0.3)
    - PromiseKit/QuartzCore (= 4.0.3)
    - PromiseKit/UIKit (= 4.0.3)
  - PromiseKit/CorePromise (4.0.3)
  - PromiseKit/Foundation (4.0.3):
    - PromiseKit/CorePromise
  - PromiseKit/QuartzCore (4.0.3):
    - PromiseKit/CorePromise
  - PromiseKit/UIKit (4.0.3):
    - PromiseKit/CorePromise
  - Spring (1.0.3)
  - SQLite.swift (0.11.0):
    - SQLite.swift/standard (= 0.11.0)
  - SQLite.swift/standard (0.11.0)
  - SwiftyJSON (3.1.0)
  - XCGLogger (4.0.0):
    - XCGLogger/Core (= 4.0.0)
  - XCGLogger/Core (4.0.0)

DEPENDENCIES:
  - Alamofire (= 4.0.1)
  - IQKeyboardManagerSwift (= 4.0.6)
  - KeychainAccess (= 3.0.0)
  - Kingfisher (= 3.1.3)
  - PromiseKit (= 4.0.3)
  - Spring (from `https://github.com/MengTo/Spring.git`, branch `swift3`)
  - SQLite.swift (= 0.11.0)
  - SwiftyJSON (= 3.1.0)
  - XCGLogger (= 4.0.0)

EXTERNAL SOURCES:
  Spring:
    :branch: swift3
    :git: https://github.com/MengTo/Spring.git

CHECKOUT OPTIONS:
  Spring:
    :commit: 3a9227c6e9157e7b47f5ac1ee5abab2a56b50002
    :git: https://github.com/MengTo/Spring.git

SPEC CHECKSUMS:
  Alamofire: 7682d43245de14874acd142ec137b144aa1dd335
  IQKeyboardManagerSwift: b3015e819559ca76381f87a0833f44d178564603
  KeychainAccess: 412bf2650d9aebfc8135a58103b90ec38caad7f8
  Kingfisher: 007f5851c18c81e7cc106c9cbac1bafea1cce5dc
  PromiseKit: dfe8fcc6445674fb23378d89990838c1cbdbf05a
  Spring: 3f02b5dc3308572ef177b3cad0fa7bbc4b0706f7
  SQLite.swift: 9a26273607d3077a2e5a8d33486e9989f8404c7d
  SwiftyJSON: 29b9f2a64f118c07e691667c2ba1efe536acfe0b
  XCGLogger: 38063ea89b4c8b23232d18efd2e12eb0005f3ea4

PODFILE CHECKSUM: 068adc568faf2a8b7523bbde5b2d92b68fd57bac

COCOAPODS: 1.1.0.rc.3
